// !$*UTF8*$!
{
	archiveVersion = 1;
	classes = {
	};
	objectVersion = 46;
	objects = {

/* Begin PBXBuildFile section */
		6CB95C321BECDCFE00D0B194 /* Cartfile in Resources */ = {isa = PBXBuildFile; fileRef = 6CB95C311BECDCFE00D0B194 /* Cartfile */; };
		6CB95C371BECDFA400D0B194 /* Alchemic.framework in Frameworks */ = {isa = PBXBuildFile; fileRef = 6CB95C331BECDFA400D0B194 /* Alchemic.framework */; };
		6CB95C381BECDFA400D0B194 /* AlchemicSwift.framework in Frameworks */ = {isa = PBXBuildFile; fileRef = 6CB95C341BECDFA400D0B194 /* AlchemicSwift.framework */; };
		6CB95C391BECDFA400D0B194 /* PEGKit.framework in Frameworks */ = {isa = PBXBuildFile; fileRef = 6CB95C351BECDFA400D0B194 /* PEGKit.framework */; };
		6CB95C3A1BECDFA400D0B194 /* StoryTeller.framework in Frameworks */ = {isa = PBXBuildFile; fileRef = 6CB95C361BECDFA400D0B194 /* StoryTeller.framework */; };
		6CB95C3F1BECDFC800D0B194 /* Alchemic.framework.dSYM in Resources */ = {isa = PBXBuildFile; fileRef = 6CB95C3B1BECDFC800D0B194 /* Alchemic.framework.dSYM */; };
		6CB95C401BECDFC800D0B194 /* AlchemicSwift.framework.dSYM in Resources */ = {isa = PBXBuildFile; fileRef = 6CB95C3C1BECDFC800D0B194 /* AlchemicSwift.framework.dSYM */; };
		6CB95C411BECDFC800D0B194 /* PEGKit.framework.dSYM in Resources */ = {isa = PBXBuildFile; fileRef = 6CB95C3D1BECDFC800D0B194 /* PEGKit.framework.dSYM */; };
		6CB95C421BECDFC800D0B194 /* StoryTeller.framework.dSYM in Resources */ = {isa = PBXBuildFile; fileRef = 6CB95C3E1BECDFC800D0B194 /* StoryTeller.framework.dSYM */; };
		6CFFF2C71BE77FA00038CB30 /* AppDelegate.swift in Sources */ = {isa = PBXBuildFile; fileRef = 6CFFF2C61BE77FA00038CB30 /* AppDelegate.swift */; };
		6CFFF2C91BE77FA00038CB30 /* ViewController.swift in Sources */ = {isa = PBXBuildFile; fileRef = 6CFFF2C81BE77FA00038CB30 /* ViewController.swift */; };
		6CFFF2CC1BE77FA00038CB30 /* Main.storyboard in Resources */ = {isa = PBXBuildFile; fileRef = 6CFFF2CA1BE77FA00038CB30 /* Main.storyboard */; };
		6CFFF2CE1BE77FA00038CB30 /* Assets.xcassets in Resources */ = {isa = PBXBuildFile; fileRef = 6CFFF2CD1BE77FA00038CB30 /* Assets.xcassets */; };
		6CFFF2D11BE77FA00038CB30 /* LaunchScreen.storyboard in Resources */ = {isa = PBXBuildFile; fileRef = 6CFFF2CF1BE77FA00038CB30 /* LaunchScreen.storyboard */; };
/* End PBXBuildFile section */

/* Begin PBXFileReference section */
		6CB95C311BECDCFE00D0B194 /* Cartfile */ = {isa = PBXFileReference; fileEncoding = 4; lastKnownFileType = text; path = Cartfile; sourceTree = "<group>"; };
		6CB95C331BECDFA400D0B194 /* Alchemic.framework */ = {isa = PBXFileReference; lastKnownFileType = wrapper.framework; name = Alchemic.framework; path = Carthage/Build/iOS/Alchemic.framework; sourceTree = "<group>"; };
		6CB95C341BECDFA400D0B194 /* AlchemicSwift.framework */ = {isa = PBXFileReference; lastKnownFileType = wrapper.framework; name = AlchemicSwift.framework; path = Carthage/Build/iOS/AlchemicSwift.framework; sourceTree = "<group>"; };
		6CB95C351BECDFA400D0B194 /* PEGKit.framework */ = {isa = PBXFileReference; lastKnownFileType = wrapper.framework; name = PEGKit.framework; path = Carthage/Build/iOS/PEGKit.framework; sourceTree = "<group>"; };
		6CB95C361BECDFA400D0B194 /* StoryTeller.framework */ = {isa = PBXFileReference; lastKnownFileType = wrapper.framework; name = StoryTeller.framework; path = Carthage/Build/iOS/StoryTeller.framework; sourceTree = "<group>"; };
		6CB95C3B1BECDFC800D0B194 /* Alchemic.framework.dSYM */ = {isa = PBXFileReference; lastKnownFileType = wrapper.dsym; name = Alchemic.framework.dSYM; path = Carthage/Build/iOS/Alchemic.framework.dSYM; sourceTree = "<group>"; };
		6CB95C3C1BECDFC800D0B194 /* AlchemicSwift.framework.dSYM */ = {isa = PBXFileReference; lastKnownFileType = wrapper.dsym; name = AlchemicSwift.framework.dSYM; path = Carthage/Build/iOS/AlchemicSwift.framework.dSYM; sourceTree = "<group>"; };
		6CB95C3D1BECDFC800D0B194 /* PEGKit.framework.dSYM */ = {isa = PBXFileReference; lastKnownFileType = wrapper.dsym; name = PEGKit.framework.dSYM; path = Carthage/Build/iOS/PEGKit.framework.dSYM; sourceTree = "<group>"; };
		6CB95C3E1BECDFC800D0B194 /* StoryTeller.framework.dSYM */ = {isa = PBXFileReference; lastKnownFileType = wrapper.dsym; name = StoryTeller.framework.dSYM; path = Carthage/Build/iOS/StoryTeller.framework.dSYM; sourceTree = "<group>"; };
		6CFFF2C31BE77FA00038CB30 /* SwiftDemo.app */ = {isa = PBXFileReference; explicitFileType = wrapper.application; includeInIndex = 0; path = SwiftDemo.app; sourceTree = BUILT_PRODUCTS_DIR; };
		6CFFF2C61BE77FA00038CB30 /* AppDelegate.swift */ = {isa = PBXFileReference; lastKnownFileType = sourcecode.swift; path = AppDelegate.swift; sourceTree = "<group>"; };
		6CFFF2C81BE77FA00038CB30 /* ViewController.swift */ = {isa = PBXFileReference; lastKnownFileType = sourcecode.swift; path = ViewController.swift; sourceTree = "<group>"; };
		6CFFF2CB1BE77FA00038CB30 /* Base */ = {isa = PBXFileReference; lastKnownFileType = file.storyboard; name = Base; path = Base.lproj/Main.storyboard; sourceTree = "<group>"; };
		6CFFF2CD1BE77FA00038CB30 /* Assets.xcassets */ = {isa = PBXFileReference; lastKnownFileType = folder.assetcatalog; path = Assets.xcassets; sourceTree = "<group>"; };
		6CFFF2D01BE77FA00038CB30 /* Base */ = {isa = PBXFileReference; lastKnownFileType = file.storyboard; name = Base; path = Base.lproj/LaunchScreen.storyboard; sourceTree = "<group>"; };
		6CFFF2D21BE77FA00038CB30 /* Info.plist */ = {isa = PBXFileReference; lastKnownFileType = text.plist.xml; path = Info.plist; sourceTree = "<group>"; };
/* End PBXFileReference section */

/* Begin PBXFrameworksBuildPhase section */
		6CFFF2C01BE77FA00038CB30 /* Frameworks */ = {
			isa = PBXFrameworksBuildPhase;
			buildActionMask = 2147483647;
			files = (
				6CB95C371BECDFA400D0B194 /* Alchemic.framework in Frameworks */,
				6CB95C381BECDFA400D0B194 /* AlchemicSwift.framework in Frameworks */,
				6CB95C391BECDFA400D0B194 /* PEGKit.framework in Frameworks */,
				6CB95C3A1BECDFA400D0B194 /* StoryTeller.framework in Frameworks */,
			);
			runOnlyForDeploymentPostprocessing = 0;
		};
/* End PBXFrameworksBuildPhase section */

/* Begin PBXGroup section */
		6CB95C431BECDFD100D0B194 /* Frameworks */ = {
			isa = PBXGroup;
			children = (
				6CB95C3B1BECDFC800D0B194 /* Alchemic.framework.dSYM */,
				6CB95C3C1BECDFC800D0B194 /* AlchemicSwift.framework.dSYM */,
				6CB95C3D1BECDFC800D0B194 /* PEGKit.framework.dSYM */,
				6CB95C3E1BECDFC800D0B194 /* StoryTeller.framework.dSYM */,
				6CB95C331BECDFA400D0B194 /* Alchemic.framework */,
				6CB95C341BECDFA400D0B194 /* AlchemicSwift.framework */,
				6CB95C351BECDFA400D0B194 /* PEGKit.framework */,
				6CB95C361BECDFA400D0B194 /* StoryTeller.framework */,
			);
			name = Frameworks;
			sourceTree = "<group>";
		};
		6CFFF2BA1BE77FA00038CB30 = {
			isa = PBXGroup;
			children = (
				6CB95C431BECDFD100D0B194 /* Frameworks */,
				6CB95C311BECDCFE00D0B194 /* Cartfile */,
				6CFFF2C51BE77FA00038CB30 /* SwiftDemo */,
				6CFFF2C41BE77FA00038CB30 /* Products */,
			);
			sourceTree = "<group>";
		};
		6CFFF2C41BE77FA00038CB30 /* Products */ = {
			isa = PBXGroup;
			children = (
				6CFFF2C31BE77FA00038CB30 /* SwiftDemo.app */,
			);
			name = Products;
			sourceTree = "<group>";
		};
		6CFFF2C51BE77FA00038CB30 /* SwiftDemo */ = {
			isa = PBXGroup;
			children = (
				6CFFF2C61BE77FA00038CB30 /* AppDelegate.swift */,
				6CFFF2C81BE77FA00038CB30 /* ViewController.swift */,
				6CFFF2CA1BE77FA00038CB30 /* Main.storyboard */,
				6CFFF2CD1BE77FA00038CB30 /* Assets.xcassets */,
				6CFFF2CF1BE77FA00038CB30 /* LaunchScreen.storyboard */,
				6CFFF2D21BE77FA00038CB30 /* Info.plist */,
			);
			path = SwiftDemo;
			sourceTree = "<group>";
		};
/* End PBXGroup section */

/* Begin PBXNativeTarget section */
		6CFFF2C21BE77FA00038CB30 /* SwiftDemo */ = {
			isa = PBXNativeTarget;
			buildConfigurationList = 6CFFF2D51BE77FA00038CB30 /* Build configuration list for PBXNativeTarget "SwiftDemo" */;
			buildPhases = (
				6CFFF2BF1BE77FA00038CB30 /* Sources */,
				6CFFF2C01BE77FA00038CB30 /* Frameworks */,
				6CFFF2C11BE77FA00038CB30 /* Resources */,
				6C0747BD1BE793680096BF85 /* ShellScript */,
			);
			buildRules = (
			);
			dependencies = (
			);
			name = SwiftDemo;
			productName = SwiftDemo;
			productReference = 6CFFF2C31BE77FA00038CB30 /* SwiftDemo.app */;
			productType = "com.apple.product-type.application";
		};
/* End PBXNativeTarget section */

/* Begin PBXProject section */
		6CFFF2BB1BE77FA00038CB30 /* Project object */ = {
			isa = PBXProject;
			attributes = {
				LastSwiftUpdateCheck = 0710;
				LastUpgradeCheck = 0710;
				ORGANIZATIONNAME = "Derek Clarkson";
				TargetAttributes = {
					6CFFF2C21BE77FA00038CB30 = {
						CreatedOnToolsVersion = 7.1;
					};
				};
			};
			buildConfigurationList = 6CFFF2BE1BE77FA00038CB30 /* Build configuration list for PBXProject "SwiftDemo" */;
			compatibilityVersion = "Xcode 3.2";
			developmentRegion = English;
			hasScannedForEncodings = 0;
			knownRegions = (
				en,
				Base,
			);
			mainGroup = 6CFFF2BA1BE77FA00038CB30;
			productRefGroup = 6CFFF2C41BE77FA00038CB30 /* Products */;
			projectDirPath = "";
			projectRoot = "";
			targets = (
				6CFFF2C21BE77FA00038CB30 /* SwiftDemo */,
			);
		};
/* End PBXProject section */

/* Begin PBXResourcesBuildPhase section */
		6CFFF2C11BE77FA00038CB30 /* Resources */ = {
			isa = PBXResourcesBuildPhase;
			buildActionMask = 2147483647;
			files = (
				6CB95C3F1BECDFC800D0B194 /* Alchemic.framework.dSYM in Resources */,
				6CB95C401BECDFC800D0B194 /* AlchemicSwift.framework.dSYM in Resources */,
				6CB95C411BECDFC800D0B194 /* PEGKit.framework.dSYM in Resources */,
				6CB95C421BECDFC800D0B194 /* StoryTeller.framework.dSYM in Resources */,
				6CFFF2D11BE77FA00038CB30 /* LaunchScreen.storyboard in Resources */,
				6CFFF2CE1BE77FA00038CB30 /* Assets.xcassets in Resources */,
				6CB95C321BECDCFE00D0B194 /* Cartfile in Resources */,
				6CFFF2CC1BE77FA00038CB30 /* Main.storyboard in Resources */,
			);
			runOnlyForDeploymentPostprocessing = 0;
		};
/* End PBXResourcesBuildPhase section */

/* Begin PBXShellScriptBuildPhase section */
		6C0747BD1BE793680096BF85 /* ShellScript */ = {
			isa = PBXShellScriptBuildPhase;
			buildActionMask = 2147483647;
			files = (
			);
			inputPaths = (
				"$(SRCROOT)/Carthage/Build/iOS/Alchemic.framework",
				"$(SRCROOT)/Carthage/Build/iOS/StoryTeller.framework",
				"$(SRCROOT)/Carthage/Build/iOS/pegkit.framework",
				"$(SRCROOT)/Carthage/Build/iOS/AlchemicSwift.framework",
			);
			outputPaths = (
			);
			runOnlyForDeploymentPostprocessing = 0;
			shellPath = /bin/sh;
			shellScript = "carthage copy-frameworks";
		};
/* End PBXShellScriptBuildPhase section */

/* Begin PBXSourcesBuildPhase section */
		6CFFF2BF1BE77FA00038CB30 /* Sources */ = {
			isa = PBXSourcesBuildPhase;
			buildActionMask = 2147483647;
			files = (
				6CFFF2C91BE77FA00038CB30 /* ViewController.swift in Sources */,
				6CFFF2C71BE77FA00038CB30 /* AppDelegate.swift in Sources */,
			);
			runOnlyForDeploymentPostprocessing = 0;
		};
/* End PBXSourcesBuildPhase section */

/* Begin PBXVariantGroup section */
		6CFFF2CA1BE77FA00038CB30 /* Main.storyboard */ = {
			isa = PBXVariantGroup;
			children = (
				6CFFF2CB1BE77FA00038CB30 /* Base */,
			);
			name = Main.storyboard;
			sourceTree = "<group>";
		};
		6CFFF2CF1BE77FA00038CB30 /* LaunchScreen.storyboard */ = {
			isa = PBXVariantGroup;
			children = (
				6CFFF2D01BE77FA00038CB30 /* Base */,
			);
			name = LaunchScreen.storyboard;
			sourceTree = "<group>";
		};
/* End PBXVariantGroup section */

/* Begin XCBuildConfiguration section */
		6CFFF2D31BE77FA00038CB30 /* Debug */ = {
			isa = XCBuildConfiguration;
			buildSettings = {
				ALWAYS_SEARCH_USER_PATHS = NO;
				CLANG_CXX_LANGUAGE_STANDARD = "gnu++0x";
				CLANG_CXX_LIBRARY = "libc++";
				CLANG_ENABLE_MODULES = YES;
				CLANG_ENABLE_OBJC_ARC = YES;
				CLANG_WARN_BOOL_CONVERSION = YES;
				CLANG_WARN_CONSTANT_CONVERSION = YES;
				CLANG_WARN_DIRECT_OBJC_ISA_USAGE = YES_ERROR;
				CLANG_WARN_EMPTY_BODY = YES;
				CLANG_WARN_ENUM_CONVERSION = YES;
				CLANG_WARN_INT_CONVERSION = YES;
				CLANG_WARN_OBJC_ROOT_CLASS = YES_ERROR;
				CLANG_WARN_UNREACHABLE_CODE = YES;
				CLANG_WARN__DUPLICATE_METHOD_MATCH = YES;
				"CODE_SIGN_IDENTITY[sdk=iphoneos*]" = "iPhone Developer";
				COPY_PHASE_STRIP = NO;
				DEBUG_INFORMATION_FORMAT = dwarf;
				ENABLE_STRICT_OBJC_MSGSEND = YES;
				ENABLE_TESTABILITY = YES;
				GCC_C_LANGUAGE_STANDARD = gnu99;
				GCC_DYNAMIC_NO_PIC = NO;
				GCC_NO_COMMON_BLOCKS = YES;
				GCC_OPTIMIZATION_LEVEL = 0;
				GCC_PREPROCESSOR_DEFINITIONS = (
					"DEBUG=1",
					"$(inherited)",
				);
				GCC_WARN_64_TO_32_BIT_CONVERSION = YES;
				GCC_WARN_ABOUT_RETURN_TYPE = YES_ERROR;
				GCC_WARN_UNDECLARED_SELECTOR = YES;
				GCC_WARN_UNINITIALIZED_AUTOS = YES_AGGRESSIVE;
				GCC_WARN_UNUSED_FUNCTION = YES;
				GCC_WARN_UNUSED_VARIABLE = YES;
				IPHONEOS_DEPLOYMENT_TARGET = 9.1;
				MTL_ENABLE_DEBUG_INFO = YES;
				ONLY_ACTIVE_ARCH = YES;
				SDKROOT = iphoneos;
				SWIFT_OPTIMIZATION_LEVEL = "-Onone";
			};
			name = Debug;
		};
		6CFFF2D41BE77FA00038CB30 /* Release */ = {
			isa = XCBuildConfiguration;
			buildSettings = {
				ALWAYS_SEARCH_USER_PATHS = NO;
				CLANG_CXX_LANGUAGE_STANDARD = "gnu++0x";
				CLANG_CXX_LIBRARY = "libc++";
				CLANG_ENABLE_MODULES = YES;
				CLANG_ENABLE_OBJC_ARC = YES;
				CLANG_WARN_BOOL_CONVERSION = YES;
				CLANG_WARN_CONSTANT_CONVERSION = YES;
				CLANG_WARN_DIRECT_OBJC_ISA_USAGE = YES_ERROR;
				CLANG_WARN_EMPTY_BODY = YES;
				CLANG_WARN_ENUM_CONVERSION = YES;
				CLANG_WARN_INT_CONVERSION = YES;
				CLANG_WARN_OBJC_ROOT_CLASS = YES_ERROR;
				CLANG_WARN_UNREACHABLE_CODE = YES;
				CLANG_WARN__DUPLICATE_METHOD_MATCH = YES;
				"CODE_SIGN_IDENTITY[sdk=iphoneos*]" = "iPhone Developer";
				COPY_PHASE_STRIP = NO;
				DEBUG_INFORMATION_FORMAT = "dwarf-with-dsym";
				ENABLE_NS_ASSERTIONS = NO;
				ENABLE_STRICT_OBJC_MSGSEND = YES;
				GCC_C_LANGUAGE_STANDARD = gnu99;
				GCC_NO_COMMON_BLOCKS = YES;
				GCC_WARN_64_TO_32_BIT_CONVERSION = YES;
				GCC_WARN_ABOUT_RETURN_TYPE = YES_ERROR;
				GCC_WARN_UNDECLARED_SELECTOR = YES;
				GCC_WARN_UNINITIALIZED_AUTOS = YES_AGGRESSIVE;
				GCC_WARN_UNUSED_FUNCTION = YES;
				GCC_WARN_UNUSED_VARIABLE = YES;
				IPHONEOS_DEPLOYMENT_TARGET = 9.1;
				MTL_ENABLE_DEBUG_INFO = NO;
				SDKROOT = iphoneos;
				VALIDATE_PRODUCT = YES;
			};
			name = Release;
		};
		6CFFF2D61BE77FA00038CB30 /* Debug */ = {
			isa = XCBuildConfiguration;
			buildSettings = {
				ASSETCATALOG_COMPILER_APPICON_NAME = AppIcon;
				FRAMEWORK_SEARCH_PATHS = (
					"$(inherited)",
					"$(PROJECT_DIR)/Carthage/Build/iOS",
				);
				INFOPLIST_FILE = SwiftDemo/Info.plist;
				LD_RUNPATH_SEARCH_PATHS = "$(inherited) @executable_path/Frameworks";
				PRODUCT_BUNDLE_IDENTIFIER = au.com.derekclarkson.SwiftDemo;
				PRODUCT_NAME = "$(TARGET_NAME)";
			};
			name = Debug;
		};
		6CFFF2D71BE77FA00038CB30 /* Release */ = {
			isa = XCBuildConfiguration;
			buildSettings = {
				ASSETCATALOG_COMPILER_APPICON_NAME = AppIcon;
				FRAMEWORK_SEARCH_PATHS = (
					"$(inherited)",
					"$(PROJECT_DIR)/Carthage/Build/iOS",
				);
				INFOPLIST_FILE = SwiftDemo/Info.plist;
				LD_RUNPATH_SEARCH_PATHS = "$(inherited) @executable_path/Frameworks";
				PRODUCT_BUNDLE_IDENTIFIER = au.com.derekclarkson.SwiftDemo;
				PRODUCT_NAME = "$(TARGET_NAME)";
			};
			name = Release;
		};
/* End XCBuildConfiguration section */

/* Begin XCConfigurationList section */
		6CFFF2BE1BE77FA00038CB30 /* Build configuration list for PBXProject "SwiftDemo" */ = {
			isa = XCConfigurationList;
			buildConfigurations = (
				6CFFF2D31BE77FA00038CB30 /* Debug */,
				6CFFF2D41BE77FA00038CB30 /* Release */,
			);
			defaultConfigurationIsVisible = 0;
			defaultConfigurationName = Release;
		};
		6CFFF2D51BE77FA00038CB30 /* Build configuration list for PBXNativeTarget "SwiftDemo" */ = {
			isa = XCConfigurationList;
			buildConfigurations = (
				6CFFF2D61BE77FA00038CB30 /* Debug */,
				6CFFF2D71BE77FA00038CB30 /* Release */,
			);
			defaultConfigurationIsVisible = 0;
			defaultConfigurationName = Release;
		};
/* End XCConfigurationList section */
	};
	rootObject = 6CFFF2BB1BE77FA00038CB30 /* Project object */;
}
