// !$*UTF8*$!
{
	archiveVersion = 1;
	classes = {
	};
	objectVersion = 47;
	objects = {

/* Begin PBXBuildFile section */
		6C0747D21BE8DBB60096BF85 /* Alchemic.framework in Frameworks */ = {isa = PBXBuildFile; fileRef = 6C36D74F1B3851680073C4FB /* Alchemic.framework */; };
		6C0747D31BE8DDE20096BF85 /* Alchemic.framework in CopyFiles */ = {isa = PBXBuildFile; fileRef = 6C36D74F1B3851680073C4FB /* Alchemic.framework */; settings = {ATTRIBUTES = (CodeSignOnCopy, RemoveHeadersOnCopy, ); }; };
		6C25D2751C566E2D00D982DC /* ALCModel.h in Headers */ = {isa = PBXBuildFile; fileRef = 6C25D2741C566E2D00D982DC /* ALCModel.h */; settings = {ATTRIBUTES = (Private, ); }; };
		6C25D2771C566E6A00D982DC /* ALCObjectFactory.h in Headers */ = {isa = PBXBuildFile; fileRef = 6C25D2761C566E6A00D982DC /* ALCObjectFactory.h */; settings = {ATTRIBUTES = (Private, ); }; };
		6C25D2791C566F7900D982DC /* Alchemic.h in Headers */ = {isa = PBXBuildFile; fileRef = 6C25D2781C566F2E00D982DC /* Alchemic.h */; settings = {ATTRIBUTES = (Public, ); }; };
		6C25D27C1C57563200D982DC /* ALCModelImpl.h in Headers */ = {isa = PBXBuildFile; fileRef = 6C25D27A1C57563200D982DC /* ALCModelImpl.h */; settings = {ATTRIBUTES = (Private, ); }; };
		6C25D27D1C57563200D982DC /* ALCModelImpl.m in Sources */ = {isa = PBXBuildFile; fileRef = 6C25D27B1C57563200D982DC /* ALCModelImpl.m */; };
		6C25D2801C5760FF00D982DC /* ALCAbstractObjectFactory.h in Headers */ = {isa = PBXBuildFile; fileRef = 6C25D27E1C5760FF00D982DC /* ALCAbstractObjectFactory.h */; settings = {ATTRIBUTES = (Private, ); }; };
		6C25D2811C5760FF00D982DC /* ALCAbstractObjectFactory.m in Sources */ = {isa = PBXBuildFile; fileRef = 6C25D27F1C5760FF00D982DC /* ALCAbstractObjectFactory.m */; };
		6C3AFBA91C5CE89500B4FCAA /* ALCObjectFactoryType.h in Headers */ = {isa = PBXBuildFile; fileRef = 6C3AFBA81C5CE89500B4FCAA /* ALCObjectFactoryType.h */; settings = {ATTRIBUTES = (Private, ); }; };
		6C3AFBAC1C5CEB1100B4FCAA /* ALCObjectFactoryTypeSingleton.h in Headers */ = {isa = PBXBuildFile; fileRef = 6C3AFBAA1C5CEB1100B4FCAA /* ALCObjectFactoryTypeSingleton.h */; settings = {ATTRIBUTES = (Private, ); }; };
		6C3AFBAD1C5CEB1100B4FCAA /* ALCObjectFactoryTypeSingleton.m in Sources */ = {isa = PBXBuildFile; fileRef = 6C3AFBAB1C5CEB1100B4FCAA /* ALCObjectFactoryTypeSingleton.m */; };
		6C3AFBB01C5E0CB800B4FCAA /* ALCObjectFactoryTypeFactory.h in Headers */ = {isa = PBXBuildFile; fileRef = 6C3AFBAE1C5E0CB800B4FCAA /* ALCObjectFactoryTypeFactory.h */; settings = {ATTRIBUTES = (Private, ); }; };
		6C3AFBB11C5E0CB800B4FCAA /* ALCObjectFactoryTypeFactory.m in Sources */ = {isa = PBXBuildFile; fileRef = 6C3AFBAF1C5E0CB800B4FCAA /* ALCObjectFactoryTypeFactory.m */; };
		6C3AFBB41C5E0D5800B4FCAA /* ALCObjectFactoryTypeReference.h in Headers */ = {isa = PBXBuildFile; fileRef = 6C3AFBB21C5E0D5800B4FCAA /* ALCObjectFactoryTypeReference.h */; settings = {ATTRIBUTES = (Private, ); }; };
		6C3AFBB51C5E0D5800B4FCAA /* ALCObjectFactoryTypeReference.m in Sources */ = {isa = PBXBuildFile; fileRef = 6C3AFBB31C5E0D5800B4FCAA /* ALCObjectFactoryTypeReference.m */; };
		6C3AFBB81C5E3FD100B4FCAA /* ALCClassInstantiator.h in Headers */ = {isa = PBXBuildFile; fileRef = 6C3AFBB61C5E3FD100B4FCAA /* ALCClassInstantiator.h */; settings = {ATTRIBUTES = (Private, ); }; };
		6C3AFBB91C5E3FD100B4FCAA /* ALCClassInstantiator.m in Sources */ = {isa = PBXBuildFile; fileRef = 6C3AFBB71C5E3FD100B4FCAA /* ALCClassInstantiator.m */; };
		6C3AFBBC1C60D96400B4FCAA /* ALCModelSearchCriteria.h in Headers */ = {isa = PBXBuildFile; fileRef = 6C3AFBBA1C60D96400B4FCAA /* ALCModelSearchCriteria.h */; settings = {ATTRIBUTES = (Private, ); }; };
		6C3AFBBD1C60D96400B4FCAA /* ALCModelSearchCriteria.m in Sources */ = {isa = PBXBuildFile; fileRef = 6C3AFBBB1C60D96400B4FCAA /* ALCModelSearchCriteria.m */; };
		6C3AFBC81C636DC500B4FCAA /* ALCModelDependency.h in Headers */ = {isa = PBXBuildFile; fileRef = 6C3AFBC61C636DC500B4FCAA /* ALCModelDependency.h */; settings = {ATTRIBUTES = (Private, ); }; };
		6C3AFBC91C636DC500B4FCAA /* ALCModelDependency.m in Sources */ = {isa = PBXBuildFile; fileRef = 6C3AFBC71C636DC500B4FCAA /* ALCModelDependency.m */; };
		6C3AFBCB1C63794C00B4FCAA /* ALCResolvable.h in Headers */ = {isa = PBXBuildFile; fileRef = 6C3AFBCA1C63794C00B4FCAA /* ALCResolvable.h */; settings = {ATTRIBUTES = (Private, ); }; };
		6C3AFBD21C638C7800B4FCAA /* ALCRuntime.h in Headers */ = {isa = PBXBuildFile; fileRef = 6C3AFBD01C638C7800B4FCAA /* ALCRuntime.h */; settings = {ATTRIBUTES = (Private, ); }; };
		6C3AFBD31C638C7800B4FCAA /* ALCRuntime.m in Sources */ = {isa = PBXBuildFile; fileRef = 6C3AFBD11C638C7800B4FCAA /* ALCRuntime.m */; };
		6C3AFBD51C64CDEC00B4FCAA /* SingletonTests.m in Sources */ = {isa = PBXBuildFile; fileRef = 6C3AFBD41C64CDEC00B4FCAA /* SingletonTests.m */; };
		6C4B560F1C6CC3800040AEC2 /* ALCInternalMacros.h in Headers */ = {isa = PBXBuildFile; fileRef = 6C4B560E1C6CC3800040AEC2 /* ALCInternalMacros.h */; settings = {ATTRIBUTES = (Private, ); }; };
		6C4B56121C6E0A390040AEC2 /* ALCClassObjectFactory.h in Headers */ = {isa = PBXBuildFile; fileRef = 6C4B56101C6E0A390040AEC2 /* ALCClassObjectFactory.h */; settings = {ATTRIBUTES = (Private, ); }; };
		6C4B56131C6E0A390040AEC2 /* ALCClassObjectFactory.m in Sources */ = {isa = PBXBuildFile; fileRef = 6C4B56111C6E0A390040AEC2 /* ALCClassObjectFactory.m */; };
		6C4B56161C6E0AD10040AEC2 /* ALCMethodObjectFactory.h in Headers */ = {isa = PBXBuildFile; fileRef = 6C4B56141C6E0AD10040AEC2 /* ALCMethodObjectFactory.h */; settings = {ATTRIBUTES = (Private, ); }; };
		6C4B56171C6E0AD10040AEC2 /* ALCMethodObjectFactory.m in Sources */ = {isa = PBXBuildFile; fileRef = 6C4B56151C6E0AD10040AEC2 /* ALCMethodObjectFactory.m */; };
		6C4B561A1C6E0BF10040AEC2 /* ALCDependencyRef.h in Headers */ = {isa = PBXBuildFile; fileRef = 6C4B56181C6E0BF10040AEC2 /* ALCDependencyRef.h */; settings = {ATTRIBUTES = (Private, ); }; };
		6C4B561B1C6E0BF10040AEC2 /* ALCDependencyRef.m in Sources */ = {isa = PBXBuildFile; fileRef = 6C4B56191C6E0BF10040AEC2 /* ALCDependencyRef.m */; };
		6C4B561E1C6F6C400040AEC2 /* ALCMethodInstantiator.h in Headers */ = {isa = PBXBuildFile; fileRef = 6C4B561C1C6F6C400040AEC2 /* ALCMethodInstantiator.h */; };
		6C4B561F1C6F6C400040AEC2 /* ALCMethodInstantiator.m in Sources */ = {isa = PBXBuildFile; fileRef = 6C4B561D1C6F6C400040AEC2 /* ALCMethodInstantiator.m */; };
		6C67FF291C6772A400ABEDDD /* ALCRuntimeTests.m in Sources */ = {isa = PBXBuildFile; fileRef = 6C67FF281C6772A400ABEDDD /* ALCRuntimeTests.m */; };
		6C67FF2A1C68BF2200ABEDDD /* StoryTellerConfig.json in Resources */ = {isa = PBXBuildFile; fileRef = 6C7145601B44238900EBC055 /* StoryTellerConfig.json */; };
		6C67FF2C1C6A13C700ABEDDD /* SingletonCircularReferenceTest.m in Sources */ = {isa = PBXBuildFile; fileRef = 6C67FF2B1C6A13C700ABEDDD /* SingletonCircularReferenceTest.m */; };
		6C67FF2F1C6A1F8400ABEDDD /* ALCDependencyStackItem.h in Headers */ = {isa = PBXBuildFile; fileRef = 6C67FF2D1C6A1F8400ABEDDD /* ALCDependencyStackItem.h */; settings = {ATTRIBUTES = (Private, ); }; };
		6C67FF301C6A1F8400ABEDDD /* ALCDependencyStackItem.m in Sources */ = {isa = PBXBuildFile; fileRef = 6C67FF2E1C6A1F8400ABEDDD /* ALCDependencyStackItem.m */; };
		6C68CF7E1C64DB06003A7A54 /* ALCContextImpl.h in Headers */ = {isa = PBXBuildFile; fileRef = 6C68CF7C1C64DB06003A7A54 /* ALCContextImpl.h */; settings = {ATTRIBUTES = (Private, ); }; };
		6C68CF7F1C64DB06003A7A54 /* ALCContextImpl.m in Sources */ = {isa = PBXBuildFile; fileRef = 6C68CF7D1C64DB06003A7A54 /* ALCContextImpl.m */; };
		6C68CF811C64E1F8003A7A54 /* SingletonWithPropertiesTests.m in Sources */ = {isa = PBXBuildFile; fileRef = 6C68CF801C64E1F8003A7A54 /* SingletonWithPropertiesTests.m */; };
		6C68CF841C64E430003A7A54 /* ALCConstantValue.h in Headers */ = {isa = PBXBuildFile; fileRef = 6C68CF821C64E430003A7A54 /* ALCConstantValue.h */; settings = {ATTRIBUTES = (Private, ); }; };
		6C68CF851C64E430003A7A54 /* ALCConstantValue.m in Sources */ = {isa = PBXBuildFile; fileRef = 6C68CF831C64E430003A7A54 /* ALCConstantValue.m */; };
		6C68CF891C6636D6003A7A54 /* NSObject+Alchemic.h in Headers */ = {isa = PBXBuildFile; fileRef = 6C68CF871C6636D6003A7A54 /* NSObject+Alchemic.h */; settings = {ATTRIBUTES = (Private, ); }; };
		6C68CF8A1C6636D6003A7A54 /* NSObject+Alchemic.m in Sources */ = {isa = PBXBuildFile; fileRef = 6C68CF881C6636D6003A7A54 /* NSObject+Alchemic.m */; };
		6C7837221C5BA18C004BE670 /* ALCInstantiator.h in Headers */ = {isa = PBXBuildFile; fileRef = 6C7837211C5BA18C004BE670 /* ALCInstantiator.h */; settings = {ATTRIBUTES = (Private, ); }; };
		6C7837241C5BAD8A004BE670 /* ALCContext.h in Headers */ = {isa = PBXBuildFile; fileRef = 6C7837231C5BAD8A004BE670 /* ALCContext.h */; settings = {ATTRIBUTES = (Private, ); }; };
		6C7837261C5BB116004BE670 /* SingletonToSingletonTests.m in Sources */ = {isa = PBXBuildFile; fileRef = 6C7837251C5BB116004BE670 /* SingletonToSingletonTests.m */; };
		6CED05761BCB545800B6C55B /* StoryTeller.framework in Frameworks */ = {isa = PBXBuildFile; fileRef = 6CED05751BCB545800B6C55B /* StoryTeller.framework */; };
		6CED05781BCB548700B6C55B /* PEGKit.framework in Frameworks */ = {isa = PBXBuildFile; fileRef = 6CED05771BCB548700B6C55B /* PEGKit.framework */; };
		6CED05791BCB54B800B6C55B /* PEGKit.framework in CopyFiles */ = {isa = PBXBuildFile; fileRef = 6CED05771BCB548700B6C55B /* PEGKit.framework */; settings = {ATTRIBUTES = (CodeSignOnCopy, RemoveHeadersOnCopy, ); }; };
		6CED057A1BCB54B800B6C55B /* StoryTeller.framework in CopyFiles */ = {isa = PBXBuildFile; fileRef = 6CED05751BCB545800B6C55B /* StoryTeller.framework */; settings = {ATTRIBUTES = (CodeSignOnCopy, RemoveHeadersOnCopy, ); }; };
		6CFD6E981B456D27008B6695 /* libOCMock.a in Frameworks */ = {isa = PBXBuildFile; fileRef = 6CFD6E971B456D27008B6695 /* libOCMock.a */; };
/* End PBXBuildFile section */

/* Begin PBXContainerItemProxy section */
		6CB95C1A1BEA290500D0B194 /* PBXContainerItemProxy */ = {
			isa = PBXContainerItemProxy;
			containerPortal = 6C66DC261A8B82C3009F9D94 /* Project object */;
			proxyType = 1;
			remoteGlobalIDString = 6C36D74E1B3851680073C4FB;
			remoteInfo = Alchemic;
		};
/* End PBXContainerItemProxy section */

/* Begin PBXCopyFilesBuildPhase section */
		6CAE806C1B424DD600217F9D /* CopyFiles */ = {
			isa = PBXCopyFilesBuildPhase;
			buildActionMask = 2147483647;
			dstPath = "";
			dstSubfolderSpec = 10;
			files = (
				6C0747D31BE8DDE20096BF85 /* Alchemic.framework in CopyFiles */,
				6CED05791BCB54B800B6C55B /* PEGKit.framework in CopyFiles */,
				6CED057A1BCB54B800B6C55B /* StoryTeller.framework in CopyFiles */,
			);
			runOnlyForDeploymentPostprocessing = 0;
		};
/* End PBXCopyFilesBuildPhase section */

/* Begin PBXFileReference section */
		6C25D2741C566E2D00D982DC /* ALCModel.h */ = {isa = PBXFileReference; fileEncoding = 4; lastKnownFileType = sourcecode.c.h; lineEnding = 0; path = ALCModel.h; sourceTree = "<group>"; xcLanguageSpecificationIdentifier = xcode.lang.objcpp; };
		6C25D2761C566E6A00D982DC /* ALCObjectFactory.h */ = {isa = PBXFileReference; fileEncoding = 4; lastKnownFileType = sourcecode.c.h; lineEnding = 0; path = ALCObjectFactory.h; sourceTree = "<group>"; xcLanguageSpecificationIdentifier = xcode.lang.objcpp; };
		6C25D2781C566F2E00D982DC /* Alchemic.h */ = {isa = PBXFileReference; lastKnownFileType = sourcecode.c.h; lineEnding = 0; path = Alchemic.h; sourceTree = "<group>"; xcLanguageSpecificationIdentifier = xcode.lang.objcpp; };
		6C25D27A1C57563200D982DC /* ALCModelImpl.h */ = {isa = PBXFileReference; fileEncoding = 4; lastKnownFileType = sourcecode.c.h; path = ALCModelImpl.h; sourceTree = "<group>"; };
		6C25D27B1C57563200D982DC /* ALCModelImpl.m */ = {isa = PBXFileReference; fileEncoding = 4; lastKnownFileType = sourcecode.c.objc; lineEnding = 0; path = ALCModelImpl.m; sourceTree = "<group>"; xcLanguageSpecificationIdentifier = xcode.lang.objc; };
		6C25D27E1C5760FF00D982DC /* ALCAbstractObjectFactory.h */ = {isa = PBXFileReference; fileEncoding = 4; lastKnownFileType = sourcecode.c.h; lineEnding = 0; path = ALCAbstractObjectFactory.h; sourceTree = "<group>"; xcLanguageSpecificationIdentifier = xcode.lang.objcpp; };
		6C25D27F1C5760FF00D982DC /* ALCAbstractObjectFactory.m */ = {isa = PBXFileReference; fileEncoding = 4; lastKnownFileType = sourcecode.c.objc; lineEnding = 0; path = ALCAbstractObjectFactory.m; sourceTree = "<group>"; xcLanguageSpecificationIdentifier = xcode.lang.objc; };
		6C36D74F1B3851680073C4FB /* Alchemic.framework */ = {isa = PBXFileReference; explicitFileType = wrapper.framework; includeInIndex = 0; path = Alchemic.framework; sourceTree = BUILT_PRODUCTS_DIR; };
		6C3AFBA81C5CE89500B4FCAA /* ALCObjectFactoryType.h */ = {isa = PBXFileReference; fileEncoding = 4; lastKnownFileType = sourcecode.c.h; lineEnding = 0; path = ALCObjectFactoryType.h; sourceTree = "<group>"; xcLanguageSpecificationIdentifier = xcode.lang.objcpp; };
		6C3AFBAA1C5CEB1100B4FCAA /* ALCObjectFactoryTypeSingleton.h */ = {isa = PBXFileReference; fileEncoding = 4; lastKnownFileType = sourcecode.c.h; path = ALCObjectFactoryTypeSingleton.h; sourceTree = "<group>"; };
		6C3AFBAB1C5CEB1100B4FCAA /* ALCObjectFactoryTypeSingleton.m */ = {isa = PBXFileReference; fileEncoding = 4; lastKnownFileType = sourcecode.c.objc; path = ALCObjectFactoryTypeSingleton.m; sourceTree = "<group>"; };
		6C3AFBAE1C5E0CB800B4FCAA /* ALCObjectFactoryTypeFactory.h */ = {isa = PBXFileReference; fileEncoding = 4; lastKnownFileType = sourcecode.c.h; path = ALCObjectFactoryTypeFactory.h; sourceTree = "<group>"; };
		6C3AFBAF1C5E0CB800B4FCAA /* ALCObjectFactoryTypeFactory.m */ = {isa = PBXFileReference; fileEncoding = 4; lastKnownFileType = sourcecode.c.objc; lineEnding = 0; path = ALCObjectFactoryTypeFactory.m; sourceTree = "<group>"; xcLanguageSpecificationIdentifier = xcode.lang.objc; };
		6C3AFBB21C5E0D5800B4FCAA /* ALCObjectFactoryTypeReference.h */ = {isa = PBXFileReference; fileEncoding = 4; lastKnownFileType = sourcecode.c.h; path = ALCObjectFactoryTypeReference.h; sourceTree = "<group>"; };
		6C3AFBB31C5E0D5800B4FCAA /* ALCObjectFactoryTypeReference.m */ = {isa = PBXFileReference; fileEncoding = 4; lastKnownFileType = sourcecode.c.objc; lineEnding = 0; path = ALCObjectFactoryTypeReference.m; sourceTree = "<group>"; xcLanguageSpecificationIdentifier = xcode.lang.objc; };
		6C3AFBB61C5E3FD100B4FCAA /* ALCClassInstantiator.h */ = {isa = PBXFileReference; fileEncoding = 4; lastKnownFileType = sourcecode.c.h; path = ALCClassInstantiator.h; sourceTree = "<group>"; };
		6C3AFBB71C5E3FD100B4FCAA /* ALCClassInstantiator.m */ = {isa = PBXFileReference; fileEncoding = 4; lastKnownFileType = sourcecode.c.objc; lineEnding = 0; path = ALCClassInstantiator.m; sourceTree = "<group>"; xcLanguageSpecificationIdentifier = xcode.lang.objc; };
		6C3AFBBA1C60D96400B4FCAA /* ALCModelSearchCriteria.h */ = {isa = PBXFileReference; fileEncoding = 4; lastKnownFileType = sourcecode.c.h; lineEnding = 0; path = ALCModelSearchCriteria.h; sourceTree = "<group>"; xcLanguageSpecificationIdentifier = xcode.lang.objcpp; };
		6C3AFBBB1C60D96400B4FCAA /* ALCModelSearchCriteria.m */ = {isa = PBXFileReference; fileEncoding = 4; lastKnownFileType = sourcecode.c.objc; lineEnding = 0; path = ALCModelSearchCriteria.m; sourceTree = "<group>"; xcLanguageSpecificationIdentifier = xcode.lang.objc; };
		6C3AFBC61C636DC500B4FCAA /* ALCModelDependency.h */ = {isa = PBXFileReference; fileEncoding = 4; lastKnownFileType = sourcecode.c.h; path = ALCModelDependency.h; sourceTree = "<group>"; };
		6C3AFBC71C636DC500B4FCAA /* ALCModelDependency.m */ = {isa = PBXFileReference; fileEncoding = 4; lastKnownFileType = sourcecode.c.objc; path = ALCModelDependency.m; sourceTree = "<group>"; };
		6C3AFBCA1C63794C00B4FCAA /* ALCResolvable.h */ = {isa = PBXFileReference; fileEncoding = 4; lastKnownFileType = sourcecode.c.h; path = ALCResolvable.h; sourceTree = "<group>"; };
		6C3AFBD01C638C7800B4FCAA /* ALCRuntime.h */ = {isa = PBXFileReference; fileEncoding = 4; lastKnownFileType = sourcecode.c.h; path = ALCRuntime.h; sourceTree = "<group>"; };
		6C3AFBD11C638C7800B4FCAA /* ALCRuntime.m */ = {isa = PBXFileReference; fileEncoding = 4; lastKnownFileType = sourcecode.c.objc; lineEnding = 0; path = ALCRuntime.m; sourceTree = "<group>"; xcLanguageSpecificationIdentifier = xcode.lang.objc; };
		6C3AFBD41C64CDEC00B4FCAA /* SingletonTests.m */ = {isa = PBXFileReference; fileEncoding = 4; lastKnownFileType = sourcecode.c.objc; lineEnding = 0; path = SingletonTests.m; sourceTree = "<group>"; xcLanguageSpecificationIdentifier = xcode.lang.objc; };
		6C469BAD1BB0200200CD2286 /* Cartfile */ = {isa = PBXFileReference; fileEncoding = 4; lastKnownFileType = text; path = Cartfile; sourceTree = "<group>"; };
		6C4B560E1C6CC3800040AEC2 /* ALCInternalMacros.h */ = {isa = PBXFileReference; fileEncoding = 4; lastKnownFileType = sourcecode.c.h; path = ALCInternalMacros.h; sourceTree = "<group>"; };
		6C4B56101C6E0A390040AEC2 /* ALCClassObjectFactory.h */ = {isa = PBXFileReference; fileEncoding = 4; lastKnownFileType = sourcecode.c.h; path = ALCClassObjectFactory.h; sourceTree = "<group>"; };
		6C4B56111C6E0A390040AEC2 /* ALCClassObjectFactory.m */ = {isa = PBXFileReference; fileEncoding = 4; lastKnownFileType = sourcecode.c.objc; path = ALCClassObjectFactory.m; sourceTree = "<group>"; };
		6C4B56141C6E0AD10040AEC2 /* ALCMethodObjectFactory.h */ = {isa = PBXFileReference; fileEncoding = 4; lastKnownFileType = sourcecode.c.h; path = ALCMethodObjectFactory.h; sourceTree = "<group>"; };
		6C4B56151C6E0AD10040AEC2 /* ALCMethodObjectFactory.m */ = {isa = PBXFileReference; fileEncoding = 4; lastKnownFileType = sourcecode.c.objc; path = ALCMethodObjectFactory.m; sourceTree = "<group>"; };
		6C4B56181C6E0BF10040AEC2 /* ALCDependencyRef.h */ = {isa = PBXFileReference; fileEncoding = 4; lastKnownFileType = sourcecode.c.h; path = ALCDependencyRef.h; sourceTree = "<group>"; };
		6C4B56191C6E0BF10040AEC2 /* ALCDependencyRef.m */ = {isa = PBXFileReference; fileEncoding = 4; lastKnownFileType = sourcecode.c.objc; path = ALCDependencyRef.m; sourceTree = "<group>"; };
		6C4B561C1C6F6C400040AEC2 /* ALCMethodInstantiator.h */ = {isa = PBXFileReference; fileEncoding = 4; lastKnownFileType = sourcecode.c.h; path = ALCMethodInstantiator.h; sourceTree = "<group>"; };
		6C4B561D1C6F6C400040AEC2 /* ALCMethodInstantiator.m */ = {isa = PBXFileReference; fileEncoding = 4; lastKnownFileType = sourcecode.c.objc; path = ALCMethodInstantiator.m; sourceTree = "<group>"; };
		6C66DC391A8B82C3009F9D94 /* Alchemic tests.xctest */ = {isa = PBXFileReference; explicitFileType = wrapper.cfbundle; includeInIndex = 0; path = "Alchemic tests.xctest"; sourceTree = BUILT_PRODUCTS_DIR; };
		6C66DC3F1A8B82C3009F9D94 /* Info.plist */ = {isa = PBXFileReference; lastKnownFileType = text.plist.xml; path = Info.plist; sourceTree = "<group>"; };
		6C67FF281C6772A400ABEDDD /* ALCRuntimeTests.m */ = {isa = PBXFileReference; fileEncoding = 4; lastKnownFileType = sourcecode.c.objc; path = ALCRuntimeTests.m; sourceTree = "<group>"; };
		6C67FF2B1C6A13C700ABEDDD /* SingletonCircularReferenceTest.m */ = {isa = PBXFileReference; fileEncoding = 4; lastKnownFileType = sourcecode.c.objc; path = SingletonCircularReferenceTest.m; sourceTree = "<group>"; };
		6C67FF2D1C6A1F8400ABEDDD /* ALCDependencyStackItem.h */ = {isa = PBXFileReference; fileEncoding = 4; lastKnownFileType = sourcecode.c.h; path = ALCDependencyStackItem.h; sourceTree = "<group>"; };
		6C67FF2E1C6A1F8400ABEDDD /* ALCDependencyStackItem.m */ = {isa = PBXFileReference; fileEncoding = 4; lastKnownFileType = sourcecode.c.objc; path = ALCDependencyStackItem.m; sourceTree = "<group>"; };
		6C68CF7C1C64DB06003A7A54 /* ALCContextImpl.h */ = {isa = PBXFileReference; fileEncoding = 4; lastKnownFileType = sourcecode.c.h; path = ALCContextImpl.h; sourceTree = "<group>"; };
		6C68CF7D1C64DB06003A7A54 /* ALCContextImpl.m */ = {isa = PBXFileReference; fileEncoding = 4; lastKnownFileType = sourcecode.c.objc; lineEnding = 0; path = ALCContextImpl.m; sourceTree = "<group>"; xcLanguageSpecificationIdentifier = xcode.lang.objc; };
		6C68CF801C64E1F8003A7A54 /* SingletonWithPropertiesTests.m */ = {isa = PBXFileReference; fileEncoding = 4; lastKnownFileType = sourcecode.c.objc; lineEnding = 0; path = SingletonWithPropertiesTests.m; sourceTree = "<group>"; xcLanguageSpecificationIdentifier = xcode.lang.objc; };
		6C68CF821C64E430003A7A54 /* ALCConstantValue.h */ = {isa = PBXFileReference; fileEncoding = 4; lastKnownFileType = sourcecode.c.h; lineEnding = 0; path = ALCConstantValue.h; sourceTree = "<group>"; xcLanguageSpecificationIdentifier = xcode.lang.objcpp; };
		6C68CF831C64E430003A7A54 /* ALCConstantValue.m */ = {isa = PBXFileReference; fileEncoding = 4; lastKnownFileType = sourcecode.c.objc; lineEnding = 0; path = ALCConstantValue.m; sourceTree = "<group>"; xcLanguageSpecificationIdentifier = xcode.lang.objc; };
		6C68CF871C6636D6003A7A54 /* NSObject+Alchemic.h */ = {isa = PBXFileReference; fileEncoding = 4; lastKnownFileType = sourcecode.c.h; path = "NSObject+Alchemic.h"; sourceTree = "<group>"; };
		6C68CF881C6636D6003A7A54 /* NSObject+Alchemic.m */ = {isa = PBXFileReference; fileEncoding = 4; lastKnownFileType = sourcecode.c.objc; path = "NSObject+Alchemic.m"; sourceTree = "<group>"; };
		6C7145601B44238900EBC055 /* StoryTellerConfig.json */ = {isa = PBXFileReference; fileEncoding = 4; lastKnownFileType = text.json; path = StoryTellerConfig.json; sourceTree = "<group>"; };
		6C7837211C5BA18C004BE670 /* ALCInstantiator.h */ = {isa = PBXFileReference; fileEncoding = 4; lastKnownFileType = sourcecode.c.h; lineEnding = 0; path = ALCInstantiator.h; sourceTree = "<group>"; xcLanguageSpecificationIdentifier = xcode.lang.objcpp; };
		6C7837231C5BAD8A004BE670 /* ALCContext.h */ = {isa = PBXFileReference; fileEncoding = 4; lastKnownFileType = sourcecode.c.h; lineEnding = 0; path = ALCContext.h; sourceTree = "<group>"; xcLanguageSpecificationIdentifier = xcode.lang.objcpp; };
		6C7837251C5BB116004BE670 /* SingletonToSingletonTests.m */ = {isa = PBXFileReference; fileEncoding = 4; lastKnownFileType = sourcecode.c.objc; lineEnding = 0; path = SingletonToSingletonTests.m; sourceTree = "<group>"; xcLanguageSpecificationIdentifier = xcode.lang.objc; };
		6CED05751BCB545800B6C55B /* StoryTeller.framework */ = {isa = PBXFileReference; lastKnownFileType = wrapper.framework; name = StoryTeller.framework; path = Carthage/Build/iOS/StoryTeller.framework; sourceTree = "<group>"; };
		6CED05771BCB548700B6C55B /* PEGKit.framework */ = {isa = PBXFileReference; lastKnownFileType = wrapper.framework; name = PEGKit.framework; path = Carthage/Build/iOS/PEGKit.framework; sourceTree = "<group>"; };
		6CFD6E971B456D27008B6695 /* libOCMock.a */ = {isa = PBXFileReference; lastKnownFileType = archive.ar; name = libOCMock.a; path = "External/OCMock-3.1.2/iOS/libOCMock.a"; sourceTree = "<group>"; };
/* End PBXFileReference section */

/* Begin PBXFrameworksBuildPhase section */
		6C36D74B1B3851680073C4FB /* Frameworks */ = {
			isa = PBXFrameworksBuildPhase;
			buildActionMask = 2147483647;
			files = (
				6CED05781BCB548700B6C55B /* PEGKit.framework in Frameworks */,
				6CED05761BCB545800B6C55B /* StoryTeller.framework in Frameworks */,
			);
			runOnlyForDeploymentPostprocessing = 0;
		};
		6C66DC361A8B82C3009F9D94 /* Frameworks */ = {
			isa = PBXFrameworksBuildPhase;
			buildActionMask = 2147483647;
			files = (
				6C0747D21BE8DBB60096BF85 /* Alchemic.framework in Frameworks */,
				6CFD6E981B456D27008B6695 /* libOCMock.a in Frameworks */,
			);
			runOnlyForDeploymentPostprocessing = 0;
		};
/* End PBXFrameworksBuildPhase section */

/* Begin PBXGroup section */
		6C25D2731C566E0A00D982DC /* Model */ = {
			isa = PBXGroup;
			children = (
				6C25D27A1C57563200D982DC /* ALCModelImpl.h */,
				6C25D27B1C57563200D982DC /* ALCModelImpl.m */,
				6C25D2741C566E2D00D982DC /* ALCModel.h */,
				6C3AFBBA1C60D96400B4FCAA /* ALCModelSearchCriteria.h */,
				6C3AFBBB1C60D96400B4FCAA /* ALCModelSearchCriteria.m */,
				6C3AFBCA1C63794C00B4FCAA /* ALCResolvable.h */,
			);
			name = Model;
			sourceTree = "<group>";
		};
		6C25D2841C58E14D00D982DC /* Value factories */ = {
			isa = PBXGroup;
			children = (
				6C4B56211C6F6E080040AEC2 /* instantiators */,
				6C4B56201C6F6DF60040AEC2 /* types */,
				6C25D27E1C5760FF00D982DC /* ALCAbstractObjectFactory.h */,
				6C25D27F1C5760FF00D982DC /* ALCAbstractObjectFactory.m */,
				6C4B56101C6E0A390040AEC2 /* ALCClassObjectFactory.h */,
				6C4B56111C6E0A390040AEC2 /* ALCClassObjectFactory.m */,
				6C4B56181C6E0BF10040AEC2 /* ALCDependencyRef.h */,
				6C4B56191C6E0BF10040AEC2 /* ALCDependencyRef.m */,
				6C67FF2D1C6A1F8400ABEDDD /* ALCDependencyStackItem.h */,
				6C67FF2E1C6A1F8400ABEDDD /* ALCDependencyStackItem.m */,
				6C7837211C5BA18C004BE670 /* ALCInstantiator.h */,
				6C4B56141C6E0AD10040AEC2 /* ALCMethodObjectFactory.h */,
				6C4B56151C6E0AD10040AEC2 /* ALCMethodObjectFactory.m */,
				6C25D2761C566E6A00D982DC /* ALCObjectFactory.h */,
				6C3AFBA81C5CE89500B4FCAA /* ALCObjectFactoryType.h */,
			);
			name = "Value factories";
			sourceTree = "<group>";
		};
		6C3AFBCF1C638C2700B4FCAA /* Runtime */ = {
			isa = PBXGroup;
			children = (
				6C3AFBD01C638C7800B4FCAA /* ALCRuntime.h */,
				6C3AFBD11C638C7800B4FCAA /* ALCRuntime.m */,
				6C68CF871C6636D6003A7A54 /* NSObject+Alchemic.h */,
				6C68CF881C6636D6003A7A54 /* NSObject+Alchemic.m */,
			);
			name = Runtime;
			sourceTree = "<group>";
		};
		6C469BB61BB0210A00CD2286 /* Frameworks */ = {
			isa = PBXGroup;
			children = (
				6CFD6E971B456D27008B6695 /* libOCMock.a */,
				6CED05771BCB548700B6C55B /* PEGKit.framework */,
				6CED05751BCB545800B6C55B /* StoryTeller.framework */,
			);
			name = Frameworks;
			sourceTree = "<group>";
		};
		6C4B56201C6F6DF60040AEC2 /* types */ = {
			isa = PBXGroup;
			children = (
				6C3AFBAE1C5E0CB800B4FCAA /* ALCObjectFactoryTypeFactory.h */,
				6C3AFBAF1C5E0CB800B4FCAA /* ALCObjectFactoryTypeFactory.m */,
				6C3AFBB21C5E0D5800B4FCAA /* ALCObjectFactoryTypeReference.h */,
				6C3AFBB31C5E0D5800B4FCAA /* ALCObjectFactoryTypeReference.m */,
				6C3AFBAA1C5CEB1100B4FCAA /* ALCObjectFactoryTypeSingleton.h */,
				6C3AFBAB1C5CEB1100B4FCAA /* ALCObjectFactoryTypeSingleton.m */,
			);
			name = types;
			sourceTree = "<group>";
		};
		6C4B56211C6F6E080040AEC2 /* instantiators */ = {
			isa = PBXGroup;
			children = (
				6C3AFBB61C5E3FD100B4FCAA /* ALCClassInstantiator.h */,
				6C3AFBB71C5E3FD100B4FCAA /* ALCClassInstantiator.m */,
				6C4B561C1C6F6C400040AEC2 /* ALCMethodInstantiator.h */,
				6C4B561D1C6F6C400040AEC2 /* ALCMethodInstantiator.m */,
			);
			name = instantiators;
			sourceTree = "<group>";
		};
		6C4B56221C6F6EA80040AEC2 /* integration */ = {
			isa = PBXGroup;
			children = (
				6C7837251C5BB116004BE670 /* SingletonToSingletonTests.m */,
				6C3AFBD41C64CDEC00B4FCAA /* SingletonTests.m */,
				6C68CF801C64E1F8003A7A54 /* SingletonWithPropertiesTests.m */,
				6C67FF2B1C6A13C700ABEDDD /* SingletonCircularReferenceTest.m */,
			);
			name = integration;
			sourceTree = "<group>";
		};
		6C66DC251A8B82C3009F9D94 = {
			isa = PBXGroup;
			children = (
				6C469BB61BB0210A00CD2286 /* Frameworks */,
				6C469BAD1BB0200200CD2286 /* Cartfile */,
				6C7145601B44238900EBC055 /* StoryTellerConfig.json */,
				6C66DC3F1A8B82C3009F9D94 /* Info.plist */,
				6C66DC301A8B82C3009F9D94 /* Alchemic */,
				6C66DC3D1A8B82C3009F9D94 /* Unit tests */,
				6C66DC2F1A8B82C3009F9D94 /* Products */,
			);
			sourceTree = "<group>";
		};
		6C66DC2F1A8B82C3009F9D94 /* Products */ = {
			isa = PBXGroup;
			children = (
				6C66DC391A8B82C3009F9D94 /* Alchemic tests.xctest */,
				6C36D74F1B3851680073C4FB /* Alchemic.framework */,
			);
			name = Products;
			sourceTree = "<group>";
		};
		6C66DC301A8B82C3009F9D94 /* Alchemic */ = {
			isa = PBXGroup;
			children = (
				6C68CF861C660869003A7A54 /* Values */,
				6C3AFBCF1C638C2700B4FCAA /* Runtime */,
				6C25D2841C58E14D00D982DC /* Value factories */,
				6C25D2731C566E0A00D982DC /* Model */,
				6C25D2781C566F2E00D982DC /* Alchemic.h */,
				6C7837231C5BAD8A004BE670 /* ALCContext.h */,
				6C68CF7C1C64DB06003A7A54 /* ALCContextImpl.h */,
				6C68CF7D1C64DB06003A7A54 /* ALCContextImpl.m */,
				6C4B560E1C6CC3800040AEC2 /* ALCInternalMacros.h */,
			);
			name = Alchemic;
			path = alchemic;
			sourceTree = SOURCE_ROOT;
		};
		6C66DC3D1A8B82C3009F9D94 /* Unit tests */ = {
			isa = PBXGroup;
			children = (
				6C4B56221C6F6EA80040AEC2 /* integration */,
				6C67FF271C67728800ABEDDD /* Runtime */,
			);
			name = "Unit tests";
			path = alchemicTests;
			sourceTree = "<group>";
		};
		6C67FF271C67728800ABEDDD /* Runtime */ = {
			isa = PBXGroup;
			children = (
				6C67FF281C6772A400ABEDDD /* ALCRuntimeTests.m */,
			);
			name = Runtime;
			sourceTree = "<group>";
		};
		6C68CF861C660869003A7A54 /* Values */ = {
			isa = PBXGroup;
			children = (
				6C3AFBC61C636DC500B4FCAA /* ALCModelDependency.h */,
				6C3AFBC71C636DC500B4FCAA /* ALCModelDependency.m */,
				6C68CF821C64E430003A7A54 /* ALCConstantValue.h */,
				6C68CF831C64E430003A7A54 /* ALCConstantValue.m */,
			);
			name = Values;
			sourceTree = "<group>";
		};
/* End PBXGroup section */

/* Begin PBXHeadersBuildPhase section */
		6C36D74C1B3851680073C4FB /* Headers */ = {
			isa = PBXHeadersBuildPhase;
			buildActionMask = 2147483647;
			files = (
				6C7837221C5BA18C004BE670 /* ALCInstantiator.h in Headers */,
				6C68CF7E1C64DB06003A7A54 /* ALCContextImpl.h in Headers */,
				6C25D2801C5760FF00D982DC /* ALCAbstractObjectFactory.h in Headers */,
				6C3AFBCB1C63794C00B4FCAA /* ALCResolvable.h in Headers */,
				6C3AFBAC1C5CEB1100B4FCAA /* ALCObjectFactoryTypeSingleton.h in Headers */,
				6C4B56161C6E0AD10040AEC2 /* ALCMethodObjectFactory.h in Headers */,
				6C4B56121C6E0A390040AEC2 /* ALCClassObjectFactory.h in Headers */,
				6C68CF891C6636D6003A7A54 /* NSObject+Alchemic.h in Headers */,
				6C3AFBA91C5CE89500B4FCAA /* ALCObjectFactoryType.h in Headers */,
				6C4B560F1C6CC3800040AEC2 /* ALCInternalMacros.h in Headers */,
				6C67FF2F1C6A1F8400ABEDDD /* ALCDependencyStackItem.h in Headers */,
				6C3AFBB01C5E0CB800B4FCAA /* ALCObjectFactoryTypeFactory.h in Headers */,
				6C3AFBB81C5E3FD100B4FCAA /* ALCClassInstantiator.h in Headers */,
				6C3AFBB41C5E0D5800B4FCAA /* ALCObjectFactoryTypeReference.h in Headers */,
				6C4B561A1C6E0BF10040AEC2 /* ALCDependencyRef.h in Headers */,
				6C3AFBD21C638C7800B4FCAA /* ALCRuntime.h in Headers */,
				6C3AFBBC1C60D96400B4FCAA /* ALCModelSearchCriteria.h in Headers */,
				6C25D2771C566E6A00D982DC /* ALCObjectFactory.h in Headers */,
				6C25D27C1C57563200D982DC /* ALCModelImpl.h in Headers */,
				6C25D2751C566E2D00D982DC /* ALCModel.h in Headers */,
				6C25D2791C566F7900D982DC /* Alchemic.h in Headers */,
				6C4B561E1C6F6C400040AEC2 /* ALCMethodInstantiator.h in Headers */,
				6C3AFBC81C636DC500B4FCAA /* ALCModelDependency.h in Headers */,
				6C7837241C5BAD8A004BE670 /* ALCContext.h in Headers */,
				6C68CF841C64E430003A7A54 /* ALCConstantValue.h in Headers */,
			);
			runOnlyForDeploymentPostprocessing = 0;
		};
/* End PBXHeadersBuildPhase section */

/* Begin PBXNativeTarget section */
		6C36D74E1B3851680073C4FB /* Alchemic */ = {
			isa = PBXNativeTarget;
			buildConfigurationList = 6C36D7601B3851690073C4FB /* Build configuration list for PBXNativeTarget "Alchemic" */;
			buildPhases = (
				6C36D74A1B3851680073C4FB /* Sources */,
				6C36D74B1B3851680073C4FB /* Frameworks */,
				6C36D74C1B3851680073C4FB /* Headers */,
				6CFF3BD41B709F8800538BA1 /* Appledoc */,
			);
			buildRules = (
			);
			dependencies = (
			);
			name = Alchemic;
			productName = alchemic;
			productReference = 6C36D74F1B3851680073C4FB /* Alchemic.framework */;
			productType = "com.apple.product-type.framework";
		};
		6C66DC381A8B82C3009F9D94 /* Alchemic tests */ = {
			isa = PBXNativeTarget;
			buildConfigurationList = 6C66DC451A8B82C3009F9D94 /* Build configuration list for PBXNativeTarget "Alchemic tests" */;
			buildPhases = (
				6C66DC351A8B82C3009F9D94 /* Sources */,
				6C66DC361A8B82C3009F9D94 /* Frameworks */,
				6C66DC371A8B82C3009F9D94 /* Resources */,
				6CAE806C1B424DD600217F9D /* CopyFiles */,
			);
			buildRules = (
			);
			dependencies = (
				6CB95C1B1BEA290500D0B194 /* PBXTargetDependency */,
			);
			name = "Alchemic tests";
			productName = alchemicTests;
			productReference = 6C66DC391A8B82C3009F9D94 /* Alchemic tests.xctest */;
			productType = "com.apple.product-type.bundle.unit-test";
		};
/* End PBXNativeTarget section */

/* Begin PBXProject section */
		6C66DC261A8B82C3009F9D94 /* Project object */ = {
			isa = PBXProject;
			attributes = {
				LastSwiftUpdateCheck = 0720;
				LastUpgradeCheck = 0700;
				ORGANIZATIONNAME = "Derek Clarkson";
				TargetAttributes = {
					6C36D74E1B3851680073C4FB = {
						CreatedOnToolsVersion = 7.0;
					};
					6C66DC381A8B82C3009F9D94 = {
						CreatedOnToolsVersion = 6.2;
					};
				};
			};
			buildConfigurationList = 6C66DC291A8B82C3009F9D94 /* Build configuration list for PBXProject "Alchemic" */;
			compatibilityVersion = "Xcode 6.3";
			developmentRegion = English;
			hasScannedForEncodings = 0;
			knownRegions = (
				en,
			);
			mainGroup = 6C66DC251A8B82C3009F9D94;
			productRefGroup = 6C66DC2F1A8B82C3009F9D94 /* Products */;
			projectDirPath = "";
			projectRoot = "";
			targets = (
				6C36D74E1B3851680073C4FB /* Alchemic */,
				6C66DC381A8B82C3009F9D94 /* Alchemic tests */,
			);
		};
/* End PBXProject section */

/* Begin PBXResourcesBuildPhase section */
		6C66DC371A8B82C3009F9D94 /* Resources */ = {
			isa = PBXResourcesBuildPhase;
			buildActionMask = 2147483647;
			files = (
				6C67FF2A1C68BF2200ABEDDD /* StoryTellerConfig.json in Resources */,
			);
			runOnlyForDeploymentPostprocessing = 0;
		};
/* End PBXResourcesBuildPhase section */

/* Begin PBXShellScriptBuildPhase section */
		6CFF3BD41B709F8800538BA1 /* Appledoc */ = {
			isa = PBXShellScriptBuildPhase;
			buildActionMask = 2147483647;
			files = (
			);
			inputPaths = (
			);
			name = Appledoc;
			outputPaths = (
			);
			runOnlyForDeploymentPostprocessing = 0;
			shellPath = /bin/sh;
			shellScript = "exit 0\n\n\"$PROJECT_DIR/External/appledoc/appledoc\" \\\n--project-name \"Alchemic\" \\\n--project-company \"Derek Clarkson\" \\\n--company-id au.com.derekclarkson \\\n--output ~/help \\\n--logformat xcode \\\n--keep-undocumented-objects \\\n--keep-undocumented-members \\\n--search-undocumented-doc \\\n--preprocess-headerdoc \\\n--no-repeat-first-par \\\n--exit-threshold 2 \\\n--ignore .m \\\nAlchemic\n";
			showEnvVarsInLog = 0;
		};
/* End PBXShellScriptBuildPhase section */

/* Begin PBXSourcesBuildPhase section */
		6C36D74A1B3851680073C4FB /* Sources */ = {
			isa = PBXSourcesBuildPhase;
			buildActionMask = 2147483647;
			files = (
				6C3AFBB51C5E0D5800B4FCAA /* ALCObjectFactoryTypeReference.m in Sources */,
				6C3AFBD31C638C7800B4FCAA /* ALCRuntime.m in Sources */,
				6C67FF301C6A1F8400ABEDDD /* ALCDependencyStackItem.m in Sources */,
				6C68CF7F1C64DB06003A7A54 /* ALCContextImpl.m in Sources */,
				6C68CF8A1C6636D6003A7A54 /* NSObject+Alchemic.m in Sources */,
				6C3AFBC91C636DC500B4FCAA /* ALCModelDependency.m in Sources */,
				6C4B561F1C6F6C400040AEC2 /* ALCMethodInstantiator.m in Sources */,
				6C68CF851C64E430003A7A54 /* ALCConstantValue.m in Sources */,
				6C3AFBB91C5E3FD100B4FCAA /* ALCClassInstantiator.m in Sources */,
				6C3AFBB11C5E0CB800B4FCAA /* ALCObjectFactoryTypeFactory.m in Sources */,
				6C4B561B1C6E0BF10040AEC2 /* ALCDependencyRef.m in Sources */,
				6C3AFBAD1C5CEB1100B4FCAA /* ALCObjectFactoryTypeSingleton.m in Sources */,
				6C25D2811C5760FF00D982DC /* ALCAbstractObjectFactory.m in Sources */,
				6C4B56131C6E0A390040AEC2 /* ALCClassObjectFactory.m in Sources */,
				6C25D27D1C57563200D982DC /* ALCModelImpl.m in Sources */,
				6C3AFBBD1C60D96400B4FCAA /* ALCModelSearchCriteria.m in Sources */,
				6C4B56171C6E0AD10040AEC2 /* ALCMethodObjectFactory.m in Sources */,
			);
			runOnlyForDeploymentPostprocessing = 0;
		};
		6C66DC351A8B82C3009F9D94 /* Sources */ = {
			isa = PBXSourcesBuildPhase;
			buildActionMask = 2147483647;
			files = (
				6C7837261C5BB116004BE670 /* SingletonToSingletonTests.m in Sources */,
				6C67FF2C1C6A13C700ABEDDD /* SingletonCircularReferenceTest.m in Sources */,
				6C3AFBD51C64CDEC00B4FCAA /* SingletonTests.m in Sources */,
				6C68CF811C64E1F8003A7A54 /* SingletonWithPropertiesTests.m in Sources */,
				6C67FF291C6772A400ABEDDD /* ALCRuntimeTests.m in Sources */,
			);
			runOnlyForDeploymentPostprocessing = 0;
		};
/* End PBXSourcesBuildPhase section */

/* Begin PBXTargetDependency section */
		6CB95C1B1BEA290500D0B194 /* PBXTargetDependency */ = {
			isa = PBXTargetDependency;
			target = 6C36D74E1B3851680073C4FB /* Alchemic */;
			targetProxy = 6CB95C1A1BEA290500D0B194 /* PBXContainerItemProxy */;
		};
/* End PBXTargetDependency section */

/* Begin XCBuildConfiguration section */
		6C36D7611B3851690073C4FB /* Debug */ = {
			isa = XCBuildConfiguration;
			buildSettings = {
				CODE_SIGN_IDENTITY = "iPhone Developer";
				CURRENT_PROJECT_VERSION = 1;
				DEBUG_INFORMATION_FORMAT = dwarf;
				DEFINES_MODULE = YES;
				DYLIB_COMPATIBILITY_VERSION = 1;
				DYLIB_CURRENT_VERSION = 1;
				DYLIB_INSTALL_NAME_BASE = "@rpath";
				EMBEDDED_CONTENT_CONTAINS_SWIFT = NO;
				FRAMEWORK_SEARCH_PATHS = (
					"$(inherited)",
					"$(PROJECT_DIR)/Carthage/Build/iOS",
				);
				GCC_NO_COMMON_BLOCKS = YES;
				INSTALL_PATH = "@rpath";
				IPHONEOS_DEPLOYMENT_TARGET = 9.0;
				LD_RUNPATH_SEARCH_PATHS = "$(inherited) @executable_path/Frameworks @loader_path/Frameworks";
				MODULEMAP_PRIVATE_FILE = "";
				PRODUCT_BUNDLE_IDENTIFIER = au.com.derekclarkson.Alchemic;
				PRODUCT_NAME = "$(TARGET_NAME)";
				SKIP_INSTALL = YES;
				TARGETED_DEVICE_FAMILY = "1,2";
				VERSIONING_SYSTEM = "apple-generic";
				VERSION_INFO_PREFIX = "";
			};
			name = Debug;
		};
		6C36D7621B3851690073C4FB /* Release */ = {
			isa = XCBuildConfiguration;
			buildSettings = {
				CODE_SIGN_IDENTITY = "iPhone Developer";
				CURRENT_PROJECT_VERSION = 1;
				DEBUG_INFORMATION_FORMAT = "dwarf-with-dsym";
				DEFINES_MODULE = YES;
				DYLIB_COMPATIBILITY_VERSION = 1;
				DYLIB_CURRENT_VERSION = 1;
				DYLIB_INSTALL_NAME_BASE = "@rpath";
				EMBEDDED_CONTENT_CONTAINS_SWIFT = NO;
				FRAMEWORK_SEARCH_PATHS = (
					"$(inherited)",
					"$(PROJECT_DIR)/Carthage/Build/iOS",
				);
				GCC_NO_COMMON_BLOCKS = YES;
				INSTALL_PATH = "@rpath";
				IPHONEOS_DEPLOYMENT_TARGET = 9.0;
				LD_RUNPATH_SEARCH_PATHS = "$(inherited) @executable_path/Frameworks @loader_path/Frameworks";
				MODULEMAP_PRIVATE_FILE = "";
				PRODUCT_BUNDLE_IDENTIFIER = au.com.derekclarkson.Alchemic;
				PRODUCT_NAME = "$(TARGET_NAME)";
				SKIP_INSTALL = YES;
				TARGETED_DEVICE_FAMILY = "1,2";
				VERSIONING_SYSTEM = "apple-generic";
				VERSION_INFO_PREFIX = "";
			};
			name = Release;
		};
		6C66DC401A8B82C3009F9D94 /* Debug */ = {
			isa = XCBuildConfiguration;
			buildSettings = {
				ALWAYS_SEARCH_USER_PATHS = NO;
				CLANG_ALLOW_NON_MODULAR_INCLUDES_IN_FRAMEWORK_MODULES = NO;
				CLANG_ANALYZER_SECURITY_FLOATLOOPCOUNTER = YES;
				CLANG_ANALYZER_SECURITY_INSECUREAPI_RAND = YES;
				CLANG_ANALYZER_SECURITY_INSECUREAPI_STRCPY = YES;
				CLANG_CXX_LANGUAGE_STANDARD = "compiler-default";
				CLANG_CXX_LIBRARY = "compiler-default";
				CLANG_ENABLE_MODULES = YES;
				CLANG_ENABLE_OBJC_ARC = YES;
				CLANG_WARN_BOOL_CONVERSION = YES;
				CLANG_WARN_CONSTANT_CONVERSION = YES;
				CLANG_WARN_DEPRECATED_OBJC_IMPLEMENTATIONS = YES;
				CLANG_WARN_DIRECT_OBJC_ISA_USAGE = YES_ERROR;
				CLANG_WARN_EMPTY_BODY = YES;
				CLANG_WARN_ENUM_CONVERSION = YES;
				CLANG_WARN_IMPLICIT_SIGN_CONVERSION = YES;
				CLANG_WARN_INT_CONVERSION = YES;
				CLANG_WARN_NULLABLE_TO_NONNULL_CONVERSION = YES;
				CLANG_WARN_OBJC_IMPLICIT_ATOMIC_PROPERTIES = YES;
				CLANG_WARN_OBJC_IMPLICIT_RETAIN_SELF = YES;
				CLANG_WARN_OBJC_RECEIVER_WEAK = YES;
				CLANG_WARN_OBJC_REPEATED_USE_OF_WEAK = YES;
				CLANG_WARN_OBJC_ROOT_CLASS = YES_ERROR;
				CLANG_WARN_SUSPICIOUS_IMPLICIT_CONVERSION = YES;
				CLANG_WARN_UNREACHABLE_CODE = YES;
				CLANG_WARN__DUPLICATE_METHOD_MATCH = YES;
				COPY_PHASE_STRIP = NO;
				ENABLE_STRICT_OBJC_MSGSEND = YES;
				ENABLE_TESTABILITY = YES;
				FRAMEWORK_SEARCH_PATHS = "$(SRCROOT)/Carthage/Build/iOS";
				GCC_C_LANGUAGE_STANDARD = "compiler-default";
				GCC_OPTIMIZATION_LEVEL = 0;
				GCC_PREPROCESSOR_DEFINITIONS = (
					"DEBUG=1",
					"$(inherited)",
				);
				GCC_TREAT_IMPLICIT_FUNCTION_DECLARATIONS_AS_ERRORS = YES;
				GCC_TREAT_INCOMPATIBLE_POINTER_TYPE_WARNINGS_AS_ERRORS = YES;
				GCC_TREAT_WARNINGS_AS_ERRORS = YES;
				GCC_WARN_64_TO_32_BIT_CONVERSION = YES;
				GCC_WARN_ABOUT_MISSING_PROTOTYPES = YES;
				GCC_WARN_ABOUT_RETURN_TYPE = YES_ERROR;
				GCC_WARN_MULTIPLE_DEFINITION_TYPES_FOR_SELECTOR = YES;
				GCC_WARN_PEDANTIC = NO;
				GCC_WARN_SHADOW = YES;
				GCC_WARN_SIGN_COMPARE = YES;
				GCC_WARN_STRICT_SELECTOR_MATCH = YES;
				GCC_WARN_UNDECLARED_SELECTOR = YES;
				GCC_WARN_UNINITIALIZED_AUTOS = YES_AGGRESSIVE;
				GCC_WARN_UNKNOWN_PRAGMAS = YES;
				GCC_WARN_UNUSED_FUNCTION = YES;
				GCC_WARN_UNUSED_LABEL = YES;
				GCC_WARN_UNUSED_VARIABLE = YES;
				INFOPLIST_FILE = Info.plist;
				IPHONEOS_DEPLOYMENT_TARGET = 9.0;
				MTL_ENABLE_DEBUG_INFO = YES;
				ONLY_ACTIVE_ARCH = YES;
				OTHER_LDFLAGS = "-ObjC";
				RUN_CLANG_STATIC_ANALYZER = YES;
				SDKROOT = iphoneos;
				TVOS_DEPLOYMENT_TARGET = 9.0;
				WATCHOS_DEPLOYMENT_TARGET = 2.0;
			};
			name = Debug;
		};
		6C66DC411A8B82C3009F9D94 /* Release */ = {
			isa = XCBuildConfiguration;
			buildSettings = {
				ALWAYS_SEARCH_USER_PATHS = NO;
				CLANG_ALLOW_NON_MODULAR_INCLUDES_IN_FRAMEWORK_MODULES = NO;
				CLANG_ANALYZER_SECURITY_FLOATLOOPCOUNTER = YES;
				CLANG_ANALYZER_SECURITY_INSECUREAPI_RAND = YES;
				CLANG_ANALYZER_SECURITY_INSECUREAPI_STRCPY = YES;
				CLANG_CXX_LANGUAGE_STANDARD = "compiler-default";
				CLANG_CXX_LIBRARY = "compiler-default";
				CLANG_ENABLE_MODULES = YES;
				CLANG_ENABLE_OBJC_ARC = YES;
				CLANG_WARN_BOOL_CONVERSION = YES;
				CLANG_WARN_CONSTANT_CONVERSION = YES;
				CLANG_WARN_DEPRECATED_OBJC_IMPLEMENTATIONS = YES;
				CLANG_WARN_DIRECT_OBJC_ISA_USAGE = YES_ERROR;
				CLANG_WARN_EMPTY_BODY = YES;
				CLANG_WARN_ENUM_CONVERSION = YES;
				CLANG_WARN_IMPLICIT_SIGN_CONVERSION = YES;
				CLANG_WARN_INT_CONVERSION = YES;
				CLANG_WARN_NULLABLE_TO_NONNULL_CONVERSION = YES;
				CLANG_WARN_OBJC_IMPLICIT_ATOMIC_PROPERTIES = YES;
				CLANG_WARN_OBJC_IMPLICIT_RETAIN_SELF = YES;
				CLANG_WARN_OBJC_RECEIVER_WEAK = YES;
				CLANG_WARN_OBJC_REPEATED_USE_OF_WEAK = YES;
				CLANG_WARN_OBJC_ROOT_CLASS = YES_ERROR;
				CLANG_WARN_SUSPICIOUS_IMPLICIT_CONVERSION = YES;
				CLANG_WARN_UNREACHABLE_CODE = YES;
				CLANG_WARN__DUPLICATE_METHOD_MATCH = YES;
				COPY_PHASE_STRIP = NO;
				ENABLE_NS_ASSERTIONS = NO;
				ENABLE_STRICT_OBJC_MSGSEND = YES;
				FRAMEWORK_SEARCH_PATHS = "$(SRCROOT)/Carthage/Build/iOS";
				GCC_C_LANGUAGE_STANDARD = "compiler-default";
				GCC_TREAT_IMPLICIT_FUNCTION_DECLARATIONS_AS_ERRORS = YES;
				GCC_TREAT_INCOMPATIBLE_POINTER_TYPE_WARNINGS_AS_ERRORS = YES;
				GCC_TREAT_WARNINGS_AS_ERRORS = YES;
				GCC_WARN_64_TO_32_BIT_CONVERSION = YES;
				GCC_WARN_ABOUT_MISSING_PROTOTYPES = YES;
				GCC_WARN_ABOUT_RETURN_TYPE = YES_ERROR;
				GCC_WARN_MULTIPLE_DEFINITION_TYPES_FOR_SELECTOR = YES;
				GCC_WARN_PEDANTIC = NO;
				GCC_WARN_SHADOW = YES;
				GCC_WARN_SIGN_COMPARE = YES;
				GCC_WARN_STRICT_SELECTOR_MATCH = YES;
				GCC_WARN_UNDECLARED_SELECTOR = YES;
				GCC_WARN_UNINITIALIZED_AUTOS = YES_AGGRESSIVE;
				GCC_WARN_UNKNOWN_PRAGMAS = YES;
				GCC_WARN_UNUSED_FUNCTION = YES;
				GCC_WARN_UNUSED_LABEL = YES;
				GCC_WARN_UNUSED_VARIABLE = YES;
				INFOPLIST_FILE = Info.plist;
				IPHONEOS_DEPLOYMENT_TARGET = 9.0;
				MTL_ENABLE_DEBUG_INFO = NO;
				OTHER_LDFLAGS = "-ObjC";
				RUN_CLANG_STATIC_ANALYZER = YES;
				SDKROOT = iphoneos;
				TVOS_DEPLOYMENT_TARGET = 9.0;
				VALIDATE_PRODUCT = YES;
				WATCHOS_DEPLOYMENT_TARGET = 2.0;
			};
			name = Release;
		};
		6C66DC461A8B82C3009F9D94 /* Debug */ = {
			isa = XCBuildConfiguration;
			buildSettings = {
				CLANG_ENABLE_MODULES = YES;
				DEFINES_MODULE = NO;
				EMBEDDED_CONTENT_CONTAINS_SWIFT = YES;
				GCC_CHAR_IS_UNSIGNED_CHAR = YES;
				HEADER_SEARCH_PATHS = "$(SRCROOT)/External/OCMock-3.1.2/iOS";
				LD_RUNPATH_SEARCH_PATHS = "$(inherited) @executable_path/Frameworks @loader_path/Frameworks";
				LIBRARY_SEARCH_PATHS = (
					"$(inherited)",
					"$(SDKROOT)/usr/lib/system",
					"$(SRCROOT)/External/OCMock-3.1.2/iOS",
				);
				PRODUCT_BUNDLE_IDENTIFIER = "au.com.derekclarkson.$(PRODUCT_NAME:rfc1034identifier)";
				PRODUCT_NAME = "$(TARGET_NAME)";
				SWIFT_OBJC_BRIDGING_HEADER = "$(SRCROOT)/alchemicTests/Alchemic_tests-Bridging-Header.h";
				SWIFT_OPTIMIZATION_LEVEL = "-Onone";
			};
			name = Debug;
		};
		6C66DC471A8B82C3009F9D94 /* Release */ = {
			isa = XCBuildConfiguration;
			buildSettings = {
				CLANG_ENABLE_MODULES = YES;
				DEFINES_MODULE = NO;
				EMBEDDED_CONTENT_CONTAINS_SWIFT = YES;
				GCC_CHAR_IS_UNSIGNED_CHAR = YES;
				HEADER_SEARCH_PATHS = "$(SRCROOT)/External/OCMock-3.1.2/iOS";
				LD_RUNPATH_SEARCH_PATHS = "$(inherited) @executable_path/Frameworks @loader_path/Frameworks";
				LIBRARY_SEARCH_PATHS = (
					"$(inherited)",
					"$(SDKROOT)/usr/lib/system",
					"$(SRCROOT)/External/OCMock-3.1.2/iOS",
				);
				PRODUCT_BUNDLE_IDENTIFIER = "au.com.derekclarkson.$(PRODUCT_NAME:rfc1034identifier)";
				PRODUCT_NAME = "$(TARGET_NAME)";
				SWIFT_OBJC_BRIDGING_HEADER = "$(SRCROOT)/alchemicTests/Alchemic_tests-Bridging-Header.h";
			};
			name = Release;
		};
/* End XCBuildConfiguration section */

/* Begin XCConfigurationList section */
		6C36D7601B3851690073C4FB /* Build configuration list for PBXNativeTarget "Alchemic" */ = {
			isa = XCConfigurationList;
			buildConfigurations = (
				6C36D7611B3851690073C4FB /* Debug */,
				6C36D7621B3851690073C4FB /* Release */,
			);
			defaultConfigurationIsVisible = 0;
			defaultConfigurationName = Release;
		};
		6C66DC291A8B82C3009F9D94 /* Build configuration list for PBXProject "Alchemic" */ = {
			isa = XCConfigurationList;
			buildConfigurations = (
				6C66DC401A8B82C3009F9D94 /* Debug */,
				6C66DC411A8B82C3009F9D94 /* Release */,
			);
			defaultConfigurationIsVisible = 0;
			defaultConfigurationName = Release;
		};
		6C66DC451A8B82C3009F9D94 /* Build configuration list for PBXNativeTarget "Alchemic tests" */ = {
			isa = XCConfigurationList;
			buildConfigurations = (
				6C66DC461A8B82C3009F9D94 /* Debug */,
				6C66DC471A8B82C3009F9D94 /* Release */,
			);
			defaultConfigurationIsVisible = 0;
			defaultConfigurationName = Release;
		};
/* End XCConfigurationList section */
	};
	rootObject = 6C66DC261A8B82C3009F9D94 /* Project object */;
}
